
Microsoft Visual Studio Solution File, Format Version 12.00
Project("{2150E333-8FDC-42A3-9474-1A3956D46DE8}") = "src", "src", "{F425F8AE-A59F-4C7A-AC99-85405AFF9787}"
EndProject
Project("{2150E333-8FDC-42A3-9474-1A3956D46DE8}") = "tests", "tests", "{6E7C89C4-93D1-4EDD-AA3A-6D3EC34EE960}"
EndProject
Project("{2150E333-8FDC-42A3-9474-1A3956D46DE8}") = "Core", "Core", "{EFEE36C6-DCE6-40DF-A5FE-47A9306A88A9}"
EndProject
Project("{FAE04EC0-301F-11D3-BF4B-00C04F79EFBC}") = "PersonalFinanceApp.Application", "src\Core\PersonalFinanceApp.Application\PersonalFinanceApp.Application.csproj", "{EA87B3A3-EE97-41F9-9DF8-FAECB42E1315}"
EndProject
Project("{FAE04EC0-301F-11D3-BF4B-00C04F79EFBC}") = "PersonalFinanceApp.Application.Tests", "tests\PersonalFinanceApp.Application.Tests\PersonalFinanceApp.Application.Tests.csproj", "{0EEF3982-7CD9-4880-8326-8BE205559ADD}"
EndProject
Project("{FAE04EC0-301F-11D3-BF4B-00C04F79EFBC}") = "PersonalFinanceApp.Identity", "src\Infrastructure\PersonalFinanceApp.Identity\PersonalFinanceApp.Identity.csproj", "{37C65BAE-87D9-4448-9FAA-1191F8604101}"
EndProject
Project("{2150E333-8FDC-42A3-9474-1A3956D46DE8}") = "Infrastructure", "Infrastructure", "{87846327-9BFD-4DDB-A8C5-C020D2E14D6B}"
EndProject
Project("{2150E333-8FDC-42A3-9474-1A3956D46DE8}") = "APIs", "APIs", "{78CE6291-5B77-4F7E-A013-442960D03079}"
EndProject
Project("{FAE04EC0-301F-11D3-BF4B-00C04F79EFBC}") = "PersonalFinanceApp.Identity.Api", "src\APIs\PersonalFinanceApp.Identity.Api\PersonalFinanceApp.Identity.Api.csproj", "{E19AF4EF-207E-4A45-96F7-724BF10ACABA}"
EndProject
Project("{2150E333-8FDC-42A3-9474-1A3956D46DE8}") = "Shared", "Shared", "{75179F70-6FCA-452B-A904-10B2F24A3799}"
EndProject
Project("{FAE04EC0-301F-11D3-BF4B-00C04F79EFBC}") = "PersonalFinanceApp.Shared.Hosting", "src\Shared\PersonalFinanceApp.Shared.Hosting\PersonalFinanceApp.Shared.Hosting.csproj", "{5A15A6AF-6AE1-4F7B-9240-D0997BBE48BD}"
EndProject
Global
	GlobalSection(SolutionConfigurationPlatforms) = preSolution
		Debug|Any CPU = Debug|Any CPU
		Release|Any CPU = Release|Any CPU
	EndGlobalSection
	GlobalSection(NestedProjects) = preSolution
		{EFEE36C6-DCE6-40DF-A5FE-47A9306A88A9} = {F425F8AE-A59F-4C7A-AC99-85405AFF9787}
		{EA87B3A3-EE97-41F9-9DF8-FAECB42E1315} = {EFEE36C6-DCE6-40DF-A5FE-47A9306A88A9}
		{0EEF3982-7CD9-4880-8326-8BE205559ADD} = {6E7C89C4-93D1-4EDD-AA3A-6D3EC34EE960}
		{87846327-9BFD-4DDB-A8C5-C020D2E14D6B} = {F425F8AE-A59F-4C7A-AC99-85405AFF9787}
		{37C65BAE-87D9-4448-9FAA-1191F8604101} = {87846327-9BFD-4DDB-A8C5-C020D2E14D6B}
		{78CE6291-5B77-4F7E-A013-442960D03079} = {F425F8AE-A59F-4C7A-AC99-85405AFF9787}
		{E19AF4EF-207E-4A45-96F7-724BF10ACABA} = {78CE6291-5B77-4F7E-A013-442960D03079}
		{75179F70-6FCA-452B-A904-10B2F24A3799} = {F425F8AE-A59F-4C7A-AC99-85405AFF9787}
		{5A15A6AF-6AE1-4F7B-9240-D0997BBE48BD} = {75179F70-6FCA-452B-A904-10B2F24A3799}
	EndGlobalSection
	GlobalSection(ProjectConfigurationPlatforms) = postSolution
		{EA87B3A3-EE97-41F9-9DF8-FAECB42E1315}.Debug|Any CPU.ActiveCfg = Debug|Any CPU
		{EA87B3A3-EE97-41F9-9DF8-FAECB42E1315}.Debug|Any CPU.Build.0 = Debug|Any CPU
		{EA87B3A3-EE97-41F9-9DF8-FAECB42E1315}.Release|Any CPU.ActiveCfg = Release|Any CPU
		{EA87B3A3-EE97-41F9-9DF8-FAECB42E1315}.Release|Any CPU.Build.0 = Release|Any CPU
		{0EEF3982-7CD9-4880-8326-8BE205559ADD}.Debug|Any CPU.ActiveCfg = Debug|Any CPU
		{0EEF3982-7CD9-4880-8326-8BE205559ADD}.Debug|Any CPU.Build.0 = Debug|Any CPU
		{0EEF3982-7CD9-4880-8326-8BE205559ADD}.Release|Any CPU.ActiveCfg = Release|Any CPU
		{0EEF3982-7CD9-4880-8326-8BE205559ADD}.Release|Any CPU.Build.0 = Release|Any CPU
		{37C65BAE-87D9-4448-9FAA-1191F8604101}.Debug|Any CPU.ActiveCfg = Debug|Any CPU
		{37C65BAE-87D9-4448-9FAA-1191F8604101}.Debug|Any CPU.Build.0 = Debug|Any CPU
		{37C65BAE-87D9-4448-9FAA-1191F8604101}.Release|Any CPU.ActiveCfg = Release|Any CPU
		{37C65BAE-87D9-4448-9FAA-1191F8604101}.Release|Any CPU.Build.0 = Release|Any CPU
		{E19AF4EF-207E-4A45-96F7-724BF10ACABA}.Debug|Any CPU.ActiveCfg = Debug|Any CPU
		{E19AF4EF-207E-4A45-96F7-724BF10ACABA}.Debug|Any CPU.Build.0 = Debug|Any CPU
		{E19AF4EF-207E-4A45-96F7-724BF10ACABA}.Release|Any CPU.ActiveCfg = Release|Any CPU
		{E19AF4EF-207E-4A45-96F7-724BF10ACABA}.Release|Any CPU.Build.0 = Release|Any CPU
		{5A15A6AF-6AE1-4F7B-9240-D0997BBE48BD}.Debug|Any CPU.ActiveCfg = Debug|Any CPU
		{5A15A6AF-6AE1-4F7B-9240-D0997BBE48BD}.Debug|Any CPU.Build.0 = Debug|Any CPU
		{5A15A6AF-6AE1-4F7B-9240-D0997BBE48BD}.Release|Any CPU.ActiveCfg = Release|Any CPU
		{5A15A6AF-6AE1-4F7B-9240-D0997BBE48BD}.Release|Any CPU.Build.0 = Release|Any CPU
	EndGlobalSection
EndGlobal
